<?xml version="1.0" encoding="utf-8"?>
<Project ToolsVersion="4.0" xmlns="http://schemas.microsoft.com/developer/msbuild/2003">
  <ItemGroup>
    <Filter Include="源文件">
      <UniqueIdentifier>{4FC737F1-C7A5-4376-A066-2A32D752A2FF}</UniqueIdentifier>
      <Extensions>cpp;c;cc;cxx;def;odl;idl;hpj;bat;asm;asmx</Extensions>
    </Filter>
    <Filter Include="头文件">
      <UniqueIdentifier>{93995380-89BD-4b04-88EB-625FBE52EBFB}</UniqueIdentifier>
      <Extensions>h;hh;hpp;hxx;hm;inl;inc;ipp;xsd</Extensions>
    </Filter>
    <Filter Include="资源文件">
      <UniqueIdentifier>{67DA6AB6-F800-4c08-8B7A-83BB121AAD01}</UniqueIdentifier>
      <Extensions>rc;ico;cur;bmp;dlg;rc2;rct;bin;rgs;gif;jpg;jpeg;jpe;resx;tiff;tif;png;wav;mfcribbon-ms</Extensions>
    </Filter>
  </ItemGroup>
  <ItemGroup>
    <ClCompile Include="kmc_api\kmc_file.cpp">
      <Filter>源文件</Filter>
    </ClCompile>
    <ClCompile Include="kmc_api\kmer_api.cpp">
      <Filter>源文件</Filter>
    </ClCompile>
    <ClCompile Include="kmc_api\mmer.cpp">
      <Filter>源文件</Filter>
    </ClCompile>
    <ClCompile Include="kmergo\KmerGO.cpp">
      <Filter>源文件</Filter>
    </ClCompile>
    <ClCompile Include="kmergo\kmer_union.cpp">
      <Filter>源文件</Filter>
    </ClCompile>
    <ClCompile Include="kmergo\kmer_losertree.cpp">
      <Filter>源文件</Filter>
    </ClCompile>
    <ClCompile Include="kmergo\kmer_counting.cpp">
      <Filter>源文件</Filter>
    </ClCompile>
    <ClCompile Include="kmergo\csv_lib.cpp">
      <Filter>源文件</Filter>
    </ClCompile>
    <ClCompile Include="kmergo\kmer_filtering.cpp">
      <Filter>源文件</Filter>
    </ClCompile>
    <ClCompile Include="stats_ml\logistic_classifier.cpp">
      <Filter>源文件</Filter>
    </ClCompile>
    <ClCompile Include="stats_ml\stats.cpp">
      <Filter>源文件</Filter>
    </ClCompile>
    <ClCompile Include="kmergo\kmer_assembly.cpp">
      <Filter>源文件</Filter>
    </ClCompile>
  </ItemGroup>
  <ItemGroup>
    <ClInclude Include="kmc_api\kmc_file.h">
      <Filter>头文件</Filter>
    </ClInclude>
    <ClInclude Include="kmc_api\kmer_api.h">
      <Filter>头文件</Filter>
    </ClInclude>
    <ClInclude Include="kmc_api\kmer_defs.h">
      <Filter>头文件</Filter>
    </ClInclude>
    <ClInclude Include="kmc_api\mmer.h">
      <Filter>头文件</Filter>
    </ClInclude>
    <ClInclude Include="kmc_api\stdafx.h">
      <Filter>头文件</Filter>
    </ClInclude>
    <ClInclude Include="kmergo\KmerGO.h">
      <Filter>头文件</Filter>
    </ClInclude>
    <ClInclude Include="kmergo\KmerGO_io.h">
      <Filter>头文件</Filter>
    </ClInclude>
    <ClInclude Include="stats_ml\stats_ml.h">
      <Filter>头文件</Filter>
    </ClInclude>
  </ItemGroup>
</Project>